// !$*UTF8*$!
{
	archiveVersion = 1;
	classes = {
	};
	objectVersion = 56;
	objects = {

/* Begin PBXBuildFile section */
		879631F02AE323F40088B9B0 /* AddBookView.swift in Sources */ = {isa = PBXBuildFile; fileRef = 879631EF2AE323F40088B9B0 /* AddBookView.swift */; };
		879631F22AE32D3D0088B9B0 /* RatingView.swift in Sources */ = {isa = PBXBuildFile; fileRef = 879631F12AE32D3D0088B9B0 /* RatingView.swift */; };
		879631F42AE3366F0088B9B0 /* EmojiRatingView.swift in Sources */ = {isa = PBXBuildFile; fileRef = 879631F32AE3366F0088B9B0 /* EmojiRatingView.swift */; };
		879631F62AE6E3F40088B9B0 /* DetailView.swift in Sources */ = {isa = PBXBuildFile; fileRef = 879631F52AE6E3F40088B9B0 /* DetailView.swift */; };
		879631F92AE857700088B9B0 /* Extensions.swift in Sources */ = {isa = PBXBuildFile; fileRef = 879631F82AE857700088B9B0 /* Extensions.swift */; };
		87D084662ADF1BC900569ED8 /* BookwormApp.swift in Sources */ = {isa = PBXBuildFile; fileRef = 87D084652ADF1BC900569ED8 /* BookwormApp.swift */; };
		87D084682ADF1BC900569ED8 /* ContentView.swift in Sources */ = {isa = PBXBuildFile; fileRef = 87D084672ADF1BC900569ED8 /* ContentView.swift */; };
		87D0846A2ADF1BCA00569ED8 /* Assets.xcassets in Resources */ = {isa = PBXBuildFile; fileRef = 87D084692ADF1BCA00569ED8 /* Assets.xcassets */; };
		87D0846D2ADF1BCA00569ED8 /* Preview Assets.xcassets in Resources */ = {isa = PBXBuildFile; fileRef = 87D0846C2ADF1BCA00569ED8 /* Preview Assets.xcassets */; };
		87D084752ADF272000569ED8 /* Bookworm.xcdatamodeld in Sources */ = {isa = PBXBuildFile; fileRef = 87D084732ADF272000569ED8 /* Bookworm.xcdatamodeld */; };
		87D084772ADF278100569ED8 /* DataController.swift in Sources */ = {isa = PBXBuildFile; fileRef = 87D084762ADF278100569ED8 /* DataController.swift */; };
/* End PBXBuildFile section */

/* Begin PBXFileReference section */
		879631EF2AE323F40088B9B0 /* AddBookView.swift */ = {isa = PBXFileReference; lastKnownFileType = sourcecode.swift; path = AddBookView.swift; sourceTree = "<group>"; };
		879631F12AE32D3D0088B9B0 /* RatingView.swift */ = {isa = PBXFileReference; lastKnownFileType = sourcecode.swift; path = RatingView.swift; sourceTree = "<group>"; };
		879631F32AE3366F0088B9B0 /* EmojiRatingView.swift */ = {isa = PBXFileReference; lastKnownFileType = sourcecode.swift; path = EmojiRatingView.swift; sourceTree = "<group>"; };
		879631F52AE6E3F40088B9B0 /* DetailView.swift */ = {isa = PBXFileReference; lastKnownFileType = sourcecode.swift; path = DetailView.swift; sourceTree = "<group>"; };
		879631F82AE857700088B9B0 /* Extensions.swift */ = {isa = PBXFileReference; lastKnownFileType = sourcecode.swift; path = Extensions.swift; sourceTree = "<group>"; };
		87D084622ADF1BC900569ED8 /* Bookworm.app */ = {isa = PBXFileReference; explicitFileType = wrapper.application; includeInIndex = 0; path = Bookworm.app; sourceTree = BUILT_PRODUCTS_DIR; };
		87D084652ADF1BC900569ED8 /* BookwormApp.swift */ = {isa = PBXFileReference; lastKnownFileType = sourcecode.swift; path = BookwormApp.swift; sourceTree = "<group>"; };
		87D084672ADF1BC900569ED8 /* ContentView.swift */ = {isa = PBXFileReference; lastKnownFileType = sourcecode.swift; path = ContentView.swift; sourceTree = "<group>"; };
		87D084692ADF1BCA00569ED8 /* Assets.xcassets */ = {isa = PBXFileReference; lastKnownFileType = folder.assetcatalog; path = Assets.xcassets; sourceTree = "<group>"; };
		87D0846C2ADF1BCA00569ED8 /* Preview Assets.xcassets */ = {isa = PBXFileReference; lastKnownFileType = folder.assetcatalog; path = "Preview Assets.xcassets"; sourceTree = "<group>"; };
		87D084742ADF272000569ED8 /* Bookworm.xcdatamodel */ = {isa = PBXFileReference; lastKnownFileType = wrapper.xcdatamodel; path = Bookworm.xcdatamodel; sourceTree = "<group>"; };
		87D084762ADF278100569ED8 /* DataController.swift */ = {isa = PBXFileReference; lastKnownFileType = sourcecode.swift; path = DataController.swift; sourceTree = "<group>"; };
/* End PBXFileReference section */

/* Begin PBXFrameworksBuildPhase section */
		87D0845F2ADF1BC900569ED8 /* Frameworks */ = {
			isa = PBXFrameworksBuildPhase;
			buildActionMask = 2147483647;
			files = (
			);
			runOnlyForDeploymentPostprocessing = 0;
		};
/* End PBXFrameworksBuildPhase section */

/* Begin PBXGroup section */
		879631EC2AE323990088B9B0 /* Models */ = {
			isa = PBXGroup;
			children = (
				87D084732ADF272000569ED8 /* Bookworm.xcdatamodeld */,
			);
			path = Models;
			sourceTree = "<group>";
		};
		879631ED2AE3239F0088B9B0 /* Views */ = {
			isa = PBXGroup;
			children = (
				879631EF2AE323F40088B9B0 /* AddBookView.swift */,
				87D084672ADF1BC900569ED8 /* ContentView.swift */,
				879631F52AE6E3F40088B9B0 /* DetailView.swift */,
				879631F32AE3366F0088B9B0 /* EmojiRatingView.swift */,
				879631F12AE32D3D0088B9B0 /* RatingView.swift */,
			);
			path = Views;
			sourceTree = "<group>";
		};
		879631EE2AE323BC0088B9B0 /* Resources */ = {
			isa = PBXGroup;
			children = (
				87D084762ADF278100569ED8 /* DataController.swift */,
			);
			path = Resources;
			sourceTree = "<group>";
		};
		879631F72AE857530088B9B0 /* Other */ = {
			isa = PBXGroup;
			children = (
				879631F82AE857700088B9B0 /* Extensions.swift */,
			);
			path = Other;
			sourceTree = "<group>";
		};
		87D084592ADF1BC900569ED8 = {
			isa = PBXGroup;
			children = (
				87D084642ADF1BC900569ED8 /* Bookworm */,
				87D084632ADF1BC900569ED8 /* Products */,
			);
			sourceTree = "<group>";
		};
		87D084632ADF1BC900569ED8 /* Products */ = {
			isa = PBXGroup;
			children = (
				87D084622ADF1BC900569ED8 /* Bookworm.app */,
			);
			name = Products;
			sourceTree = "<group>";
		};
		87D084642ADF1BC900569ED8 /* Bookworm */ = {
			isa = PBXGroup;
			children = (
				87D084652ADF1BC900569ED8 /* BookwormApp.swift */,
				879631EC2AE323990088B9B0 /* Models */,
				879631F72AE857530088B9B0 /* Other */,
				879631ED2AE3239F0088B9B0 /* Views */,
				879631EE2AE323BC0088B9B0 /* Resources */,
				87D084692ADF1BCA00569ED8 /* Assets.xcassets */,
				87D0846B2ADF1BCA00569ED8 /* Preview Content */,
			);
			path = Bookworm;
			sourceTree = "<group>";
		};
		87D0846B2ADF1BCA00569ED8 /* Preview Content */ = {
			isa = PBXGroup;
			children = (
				87D0846C2ADF1BCA00569ED8 /* Preview Assets.xcassets */,
			);
			path = "Preview Content";
			sourceTree = "<group>";
		};
/* End PBXGroup section */

/* Begin PBXNativeTarget section */
		87D084612ADF1BC900569ED8 /* Bookworm */ = {
			isa = PBXNativeTarget;
			buildConfigurationList = 87D084702ADF1BCA00569ED8 /* Build configuration list for PBXNativeTarget "Bookworm" */;
			buildPhases = (
				87D0845E2ADF1BC900569ED8 /* Sources */,
				87D0845F2ADF1BC900569ED8 /* Frameworks */,
				87D084602ADF1BC900569ED8 /* Resources */,
			);
			buildRules = (
			);
			dependencies = (
			);
			name = Bookworm;
			productName = Bookworm;
			productReference = 87D084622ADF1BC900569ED8 /* Bookworm.app */;
			productType = "com.apple.product-type.application";
		};
/* End PBXNativeTarget section */

/* Begin PBXProject section */
		87D0845A2ADF1BC900569ED8 /* Project object */ = {
			isa = PBXProject;
			attributes = {
				BuildIndependentTargetsInParallel = 1;
				LastSwiftUpdateCheck = 1500;
				LastUpgradeCheck = 1500;
				TargetAttributes = {
					87D084612ADF1BC900569ED8 = {
						CreatedOnToolsVersion = 15.0;
					};
				};
			};
			buildConfigurationList = 87D0845D2ADF1BC900569ED8 /* Build configuration list for PBXProject "Bookworm" */;
			compatibilityVersion = "Xcode 14.0";
			developmentRegion = en;
			hasScannedForEncodings = 0;
			knownRegions = (
				en,
				Base,
			);
			mainGroup = 87D084592ADF1BC900569ED8;
			productRefGroup = 87D084632ADF1BC900569ED8 /* Products */;
			projectDirPath = "";
			projectRoot = "";
			targets = (
				87D084612ADF1BC900569ED8 /* Bookworm */,
			);
		};
/* End PBXProject section */

/* Begin PBXResourcesBuildPhase section */
		87D084602ADF1BC900569ED8 /* Resources */ = {
			isa = PBXResourcesBuildPhase;
			buildActionMask = 2147483647;
			files = (
				87D0846D2ADF1BCA00569ED8 /* Preview Assets.xcassets in Resources */,
				87D0846A2ADF1BCA00569ED8 /* Assets.xcassets in Resources */,
			);
			runOnlyForDeploymentPostprocessing = 0;
		};
/* End PBXResourcesBuildPhase section */

/* Begin PBXSourcesBuildPhase section */
		87D0845E2ADF1BC900569ED8 /* Sources */ = {
			isa = PBXSourcesBuildPhase;
			buildActionMask = 2147483647;
			files = (
				87D084682ADF1BC900569ED8 /* ContentView.swift in Sources */,
				879631F92AE857700088B9B0 /* Extensions.swift in Sources */,
				879631F62AE6E3F40088B9B0 /* DetailView.swift in Sources */,
				87D084772ADF278100569ED8 /* DataController.swift in Sources */,
				879631F42AE3366F0088B9B0 /* EmojiRatingView.swift in Sources */,
				87D084752ADF272000569ED8 /* Bookworm.xcdatamodeld in Sources */,
				879631F22AE32D3D0088B9B0 /* RatingView.swift in Sources */,
				87D084662ADF1BC900569ED8 /* BookwormApp.swift in Sources */,
				879631F02AE323F40088B9B0 /* AddBookView.swift in Sources */,
			);
			runOnlyForDeploymentPostprocessing = 0;
		};
/* End PBXSourcesBuildPhase section */

/* Begin XCBuildConfiguration section */
		87D0846E2ADF1BCA00569ED8 /* Debug */ = {
			isa = XCBuildConfiguration;
			buildSettings = {
				ALWAYS_SEARCH_USER_PATHS = NO;
				ASSETCATALOG_COMPILER_GENERATE_SWIFT_ASSET_SYMBOL_EXTENSIONS = YES;
				CLANG_ANALYZER_NONNULL = YES;
				CLANG_ANALYZER_NUMBER_OBJECT_CONVERSION = YES_AGGRESSIVE;
				CLANG_CXX_LANGUAGE_STANDARD = "gnu++20";
				CLANG_ENABLE_MODULES = YES;
				CLANG_ENABLE_OBJC_ARC = YES;
				CLANG_ENABLE_OBJC_WEAK = YES;
				CLANG_WARN_BLOCK_CAPTURE_AUTORELEASING = YES;
				CLANG_WARN_BOOL_CONVERSION = YES;
				CLANG_WARN_COMMA = YES;
				CLANG_WARN_CONSTANT_CONVERSION = YES;
				CLANG_WARN_DEPRECATED_OBJC_IMPLEMENTATIONS = YES;
				CLANG_WARN_DIRECT_OBJC_ISA_USAGE = YES_ERROR;
				CLANG_WARN_DOCUMENTATION_COMMENTS = YES;
				CLANG_WARN_EMPTY_BODY = YES;
				CLANG_WARN_ENUM_CONVERSION = YES;
				CLANG_WARN_INFINITE_RECURSION = YES;
				CLANG_WARN_INT_CONVERSION = YES;
				CLANG_WARN_NON_LITERAL_NULL_CONVERSION = YES;
				CLANG_WARN_OBJC_IMPLICIT_RETAIN_SELF = YES;
				CLANG_WARN_OBJC_LITERAL_CONVERSION = YES;
				CLANG_WARN_OBJC_ROOT_CLASS = YES_ERROR;
				CLANG_WARN_QUOTED_INCLUDE_IN_FRAMEWORK_HEADER = YES;
				CLANG_WARN_RANGE_LOOP_ANALYSIS = YES;
				CLANG_WARN_STRICT_PROTOTYPES = YES;
				CLANG_WARN_SUSPICIOUS_MOVE = YES;
				CLANG_WARN_UNGUARDED_AVAILABILITY = YES_AGGRESSIVE;
				CLANG_WARN_UNREACHABLE_CODE = YES;
				CLANG_WARN__DUPLICATE_METHOD_MATCH = YES;
				COPY_PHASE_STRIP = NO;
				DEBUG_INFORMATION_FORMAT = dwarf;
				ENABLE_STRICT_OBJC_MSGSEND = YES;
				ENABLE_TESTABILITY = YES;
				ENABLE_USER_SCRIPT_SANDBOXING = YES;
				GCC_C_LANGUAGE_STANDARD = gnu17;
				GCC_DYNAMIC_NO_PIC = NO;
				GCC_NO_COMMON_BLOCKS = YES;
				GCC_OPTIMIZATION_LEVEL = 0;
				GCC_PREPROCESSOR_DEFINITIONS = (
					"DEBUG=1",
					"$(inherited)",
				);
				GCC_WARN_64_TO_32_BIT_CONVERSION = YES;
				GCC_WARN_ABOUT_RETURN_TYPE = YES_ERROR;
				GCC_WARN_UNDECLARED_SELECTOR = YES;
				GCC_WARN_UNINITIALIZED_AUTOS = YES_AGGRESSIVE;
				GCC_WARN_UNUSED_FUNCTION = YES;
				GCC_WARN_UNUSED_VARIABLE = YES;
				IPHONEOS_DEPLOYMENT_TARGET = 17.0;
				LOCALIZATION_PREFERS_STRING_CATALOGS = YES;
				MTL_ENABLE_DEBUG_INFO = INCLUDE_SOURCE;
				MTL_FAST_MATH = YES;
				ONLY_ACTIVE_ARCH = YES;
				SDKROOT = iphoneos;
				SWIFT_ACTIVE_COMPILATION_CONDITIONS = "DEBUG $(inherited)";
				SWIFT_OPTIMIZATION_LEVEL = "-Onone";
			};
			name = Debug;
		};
		87D0846F2ADF1BCA00569ED8 /* Release */ = {
			isa = XCBuildConfiguration;
			buildSettings = {
				ALWAYS_SEARCH_USER_PATHS = NO;
				ASSETCATALOG_COMPILER_GENERATE_SWIFT_ASSET_SYMBOL_EXTENSIONS = YES;
				CLANG_ANALYZER_NONNULL = YES;
				CLANG_ANALYZER_NUMBER_OBJECT_CONVERSION = YES_AGGRESSIVE;
				CLANG_CXX_LANGUAGE_STANDARD = "gnu++20";
				CLANG_ENABLE_MODULES = YES;
				CLANG_ENABLE_OBJC_ARC = YES;
				CLANG_ENABLE_OBJC_WEAK = YES;
				CLANG_WARN_BLOCK_CAPTURE_AUTORELEASING = YES;
				CLANG_WARN_BOOL_CONVERSION = YES;
				CLANG_WARN_COMMA = YES;
				CLANG_WARN_CONSTANT_CONVERSION = YES;
				CLANG_WARN_DEPRECATED_OBJC_IMPLEMENTATIONS = YES;
				CLANG_WARN_DIRECT_OBJC_ISA_USAGE = YES_ERROR;
				CLANG_WARN_DOCUMENTATION_COMMENTS = YES;
				CLANG_WARN_EMPTY_BODY = YES;
				CLANG_WARN_ENUM_CONVERSION = YES;
				CLANG_WARN_INFINITE_RECURSION = YES;
				CLANG_WARN_INT_CONVERSION = YES;
				CLANG_WARN_NON_LITERAL_NULL_CONVERSION = YES;
				CLANG_WARN_OBJC_IMPLICIT_RETAIN_SELF = YES;
				CLANG_WARN_OBJC_LITERAL_CONVERSION = YES;
				CLANG_WARN_OBJC_ROOT_CLASS = YES_ERROR;
				CLANG_WARN_QUOTED_INCLUDE_IN_FRAMEWORK_HEADER = YES;
				CLANG_WARN_RANGE_LOOP_ANALYSIS = YES;
				CLANG_WARN_STRICT_PROTOTYPES = YES;
				CLANG_WARN_SUSPICIOUS_MOVE = YES;
				CLANG_WARN_UNGUARDED_AVAILABILITY = YES_AGGRESSIVE;
				CLANG_WARN_UNREACHABLE_CODE = YES;
				CLANG_WARN__DUPLICATE_METHOD_MATCH = YES;
				COPY_PHASE_STRIP = NO;
				DEBUG_INFORMATION_FORMAT = "dwarf-with-dsym";
				ENABLE_NS_ASSERTIONS = NO;
				ENABLE_STRICT_OBJC_MSGSEND = YES;
				ENABLE_USER_SCRIPT_SANDBOXING = YES;
				GCC_C_LANGUAGE_STANDARD = gnu17;
				GCC_NO_COMMON_BLOCKS = YES;
				GCC_WARN_64_TO_32_BIT_CONVERSION = YES;
				GCC_WARN_ABOUT_RETURN_TYPE = YES_ERROR;
				GCC_WARN_UNDECLARED_SELECTOR = YES;
				GCC_WARN_UNINITIALIZED_AUTOS = YES_AGGRESSIVE;
				GCC_WARN_UNUSED_FUNCTION = YES;
				GCC_WARN_UNUSED_VARIABLE = YES;
				IPHONEOS_DEPLOYMENT_TARGET = 17.0;
				LOCALIZATION_PREFERS_STRING_CATALOGS = YES;
				MTL_ENABLE_DEBUG_INFO = NO;
				MTL_FAST_MATH = YES;
				SDKROOT = iphoneos;
				SWIFT_COMPILATION_MODE = wholemodule;
				VALIDATE_PRODUCT = YES;
			};
			name = Release;
		};
		87D084712ADF1BCA00569ED8 /* Debug */ = {
			isa = XCBuildConfiguration;
			buildSettings = {
				ASSETCATALOG_COMPILER_APPICON_NAME = AppIcon;
				ASSETCATALOG_COMPILER_GLOBAL_ACCENT_COLOR_NAME = AccentColor;
				CODE_SIGN_STYLE = Automatic;
				CURRENT_PROJECT_VERSION = 1;
				DEVELOPMENT_ASSET_PATHS = "\"Bookworm/Preview Content\"";
				DEVELOPMENT_TEAM = R7FR75UNV8;
				ENABLE_PREVIEWS = YES;
				GENERATE_INFOPLIST_FILE = YES;
				INFOPLIST_KEY_UIApplicationSceneManifest_Generation = YES;
				INFOPLIST_KEY_UIApplicationSupportsIndirectInputEvents = YES;
				INFOPLIST_KEY_UILaunchScreen_Generation = YES;
				INFOPLIST_KEY_UISupportedInterfaceOrientations_iPad = "UIInterfaceOrientationPortrait UIInterfaceOrientationPortraitUpsideDown UIInterfaceOrientationLandscapeLeft UIInterfaceOrientationLandscapeRight";
				INFOPLIST_KEY_UISupportedInterfaceOrientations_iPhone = "UIInterfaceOrientationPortrait UIInterfaceOrientationLandscapeLeft UIInterfaceOrientationLandscapeRight";
				LD_RUNPATH_SEARCH_PATHS = (
					"$(inherited)",
					"@executable_path/Frameworks",
				);
				MARKETING_VERSION = 1.0;
				PRODUCT_BUNDLE_IDENTIFIER = com.github.AdnanBox.Bookworm;
				PRODUCT_NAME = "$(TARGET_NAME)";
				SWIFT_EMIT_LOC_STRINGS = YES;
				SWIFT_VERSION = 5.0;
				TARGETED_DEVICE_FAMILY = "1,2";
			};
			name = Debug;
		};
		87D084722ADF1BCA00569ED8 /* Release */ = {
			isa = XCBuildConfiguration;
			buildSettings = {
				ASSETCATALOG_COMPILER_APPICON_NAME = AppIcon;
				ASSETCATALOG_COMPILER_GLOBAL_ACCENT_COLOR_NAME = AccentColor;
				CODE_SIGN_STYLE = Automatic;
				CURRENT_PROJECT_VERSION = 1;
				DEVELOPMENT_ASSET_PATHS = "\"Bookworm/Preview Content\"";
				DEVELOPMENT_TEAM = R7FR75UNV8;
				ENABLE_PREVIEWS = YES;
				GENERATE_INFOPLIST_FILE = YES;
				INFOPLIST_KEY_UIApplicationSceneManifest_Generation = YES;
				INFOPLIST_KEY_UIApplicationSupportsIndirectInputEvents = YES;
				INFOPLIST_KEY_UILaunchScreen_Generation = YES;
				INFOPLIST_KEY_UISupportedInterfaceOrientations_iPad = "UIInterfaceOrientationPortrait UIInterfaceOrientationPortraitUpsideDown UIInterfaceOrientationLandscapeLeft UIInterfaceOrientationLandscapeRight";
				INFOPLIST_KEY_UISupportedInterfaceOrientations_iPhone = "UIInterfaceOrientationPortrait UIInterfaceOrientationLandscapeLeft UIInterfaceOrientationLandscapeRight";
				LD_RUNPATH_SEARCH_PATHS = (
					"$(inherited)",
					"@executable_path/Frameworks",
				);
				MARKETING_VERSION = 1.0;
				PRODUCT_BUNDLE_IDENTIFIER = com.github.AdnanBox.Bookworm;
				PRODUCT_NAME = "$(TARGET_NAME)";
				SWIFT_EMIT_LOC_STRINGS = YES;
				SWIFT_VERSION = 5.0;
				TARGETED_DEVICE_FAMILY = "1,2";
			};
			name = Release;
		};
/* End XCBuildConfiguration section */

/* Begin XCConfigurationList section */
		87D0845D2ADF1BC900569ED8 /* Build configuration list for PBXProject "Bookworm" */ = {
			isa = XCConfigurationList;
			buildConfigurations = (
				87D0846E2ADF1BCA00569ED8 /* Debug */,
				87D0846F2ADF1BCA00569ED8 /* Release */,
			);
			defaultConfigurationIsVisible = 0;
			defaultConfigurationName = Release;
		};
		87D084702ADF1BCA00569ED8 /* Build configuration list for PBXNativeTarget "Bookworm" */ = {
			isa = XCConfigurationList;
			buildConfigurations = (
				87D084712ADF1BCA00569ED8 /* Debug */,
				87D084722ADF1BCA00569ED8 /* Release */,
			);
			defaultConfigurationIsVisible = 0;
			defaultConfigurationName = Release;
		};
/* End XCConfigurationList section */

/* Begin XCVersionGroup section */
		87D084732ADF272000569ED8 /* Bookworm.xcdatamodeld */ = {
			isa = XCVersionGroup;
			children = (
				87D084742ADF272000569ED8 /* Bookworm.xcdatamodel */,
			);
			currentVersion = 87D084742ADF272000569ED8 /* Bookworm.xcdatamodel */;
			path = Bookworm.xcdatamodeld;
			sourceTree = "<group>";
			versionGroupType = wrapper.xcdatamodel;
		};
/* End XCVersionGroup section */
	};
	rootObject = 87D0845A2ADF1BC900569ED8 /* Project object */;
}
